{
  "lockfileVersion": 1,
  "workspaces": {
    "": {
      "name": "aforo-agent",
      "dependencies": {
        "dotenv": "^16.4.5",
      },
    },
  },
  "packages": {
    "dotenv": ["dotenv@16.6.1", "", {}, "sha512-uBq4egWHTcTt33a72vpSG0z3HnPuIl6NqYcTrKEg2azoEyl2hpW0zqlxysq2pK9HlDIHyHyakeYaYnSAwd8bow=="],
  }
}
